
Microsoft Visual Studio Solution File, Format Version 12.00
# Visual Studio 2015
Project("{FAE04EC0-301F-11D3-BF4B-00C04F79EFBC}") = "PAB", "PAB.csproj", "{12318EE8-BA1B-8AC4-A705-3D1E5515A2EA}"
EndProject
Global
	GlobalSection(SolutionConfigurationPlatforms) = preSolution
		Debug|Any CPU = Debug|Any CPU
		Release|Any CPU = Release|Any CPU
	EndGlobalSection
	GlobalSection(ProjectConfigurationPlatforms) = postSolution
		{12318EE8-BA1B-8AC4-A705-3D1E5515A2EA}.Debug|Any CPU.ActiveCfg = Debug|Any CPU
		{12318EE8-BA1B-8AC4-A705-3D1E5515A2EA}.Debug|Any CPU.Build.0 = Debug|Any CPU
		{12318EE8-BA1B-8AC4-A705-3D1E5515A2EA}.Release|Any CPU.ActiveCfg = Release|Any CPU
		{12318EE8-BA1B-8AC4-A705-3D1E5515A2EA}.Release|Any CPU.Build.0 = Release|Any CPU
	EndGlobalSection
	GlobalSection(SolutionProperties) = preSolution
		HideSolutionNode = FALSE
	EndGlobalSection
EndGlobal
